
Microsoft Visual Studio Solution File, Format Version 12.00
# Visual Studio 15
VisualStudioVersion = 15.0.28307.421
MinimumVisualStudioVersion = 10.0.40219.1
Project("{FAE04EC0-301F-11D3-BF4B-00C04F79EFBC}") = "EquazioniLibrary", "EquazioniLibrary\EquazioniLibrary.csproj", "{2511E7F4-C16B-42CA-8049-FA0497EA9675}"
EndProject
Project("{FAE04EC0-301F-11D3-BF4B-00C04F79EFBC}") = "EquazioniLibrary.Test", "EquazioniLibrary.Test\EquazioniLibrary.Test.csproj", "{19AAD4E4-384C-41E6-BCA9-956506E44E4B}"
EndProject
Global
	GlobalSection(SolutionConfigurationPlatforms) = preSolution
		Debug|Any CPU = Debug|Any CPU
		Release|Any CPU = Release|Any CPU
	EndGlobalSection
	GlobalSection(ProjectConfigurationPlatforms) = postSolution
		{2511E7F4-C16B-42CA-8049-FA0497EA9675}.Debug|Any CPU.ActiveCfg = Debug|Any CPU
		{2511E7F4-C16B-42CA-8049-FA0497EA9675}.Debug|Any CPU.Build.0 = Debug|Any CPU
		{2511E7F4-C16B-42CA-8049-FA0497EA9675}.Release|Any CPU.ActiveCfg = Release|Any CPU
		{2511E7F4-C16B-42CA-8049-FA0497EA9675}.Release|Any CPU.Build.0 = Release|Any CPU
		{19AAD4E4-384C-41E6-BCA9-956506E44E4B}.Debug|Any CPU.ActiveCfg = Debug|Any CPU
		{19AAD4E4-384C-41E6-BCA9-956506E44E4B}.Debug|Any CPU.Build.0 = Debug|Any CPU
		{19AAD4E4-384C-41E6-BCA9-956506E44E4B}.Release|Any CPU.ActiveCfg = Release|Any CPU
		{19AAD4E4-384C-41E6-BCA9-956506E44E4B}.Release|Any CPU.Build.0 = Release|Any CPU
	EndGlobalSection
	GlobalSection(SolutionProperties) = preSolution
		HideSolutionNode = FALSE
	EndGlobalSection
	GlobalSection(ExtensibilityGlobals) = postSolution
		SolutionGuid = {FCCD2234-F788-42EB-8274-67E1BA3B2BA2}
	EndGlobalSection
EndGlobal
